// !$*UTF8*$!
{
	archiveVersion = 1;
	classes = {
	};
	objectVersion = 46;
	objects = {

/* Begin PBXBuildFile section */
		47BBFBAF1C88292A00010672 /* main.m in Sources */ = {isa = PBXBuildFile; fileRef = 47BBFBAE1C88292A00010672 /* main.m */; };
		47BBFBB21C88292A00010672 /* AppDelegate.m in Sources */ = {isa = PBXBuildFile; fileRef = 47BBFBB11C88292A00010672 /* AppDelegate.m */; };
		47BBFBB51C88292A00010672 /* ViewController.m in Sources */ = {isa = PBXBuildFile; fileRef = 47BBFBB41C88292A00010672 /* ViewController.m */; };
		47BBFBB81C88292A00010672 /* Main.storyboard in Resources */ = {isa = PBXBuildFile; fileRef = 47BBFBB61C88292A00010672 /* Main.storyboard */; };
		47BBFBBA1C88292A00010672 /* Assets.xcassets in Resources */ = {isa = PBXBuildFile; fileRef = 47BBFBB91C88292A00010672 /* Assets.xcassets */; };
		47BBFBBD1C88292A00010672 /* LaunchScreen.storyboard in Resources */ = {isa = PBXBuildFile; fileRef = 47BBFBBB1C88292A00010672 /* LaunchScreen.storyboard */; };
/* End PBXBuildFile section */

/* Begin PBXFileReference section */
		47BBFBAA1C88292A00010672 /* ePlus.app */ = {isa = PBXFileReference; explicitFileType = wrapper.application; includeInIndex = 0; path = ePlus.app; sourceTree = BUILT_PRODUCTS_DIR; };
		47BBFBAE1C88292A00010672 /* main.m */ = {isa = PBXFileReference; lastKnownFileType = sourcecode.c.objc; path = main.m; sourceTree = "<group>"; };
		47BBFBB01C88292A00010672 /* AppDelegate.h */ = {isa = PBXFileReference; lastKnownFileType = sourcecode.c.h; path = AppDelegate.h; sourceTree = "<group>"; };
		47BBFBB11C88292A00010672 /* AppDelegate.m */ = {isa = PBXFileReference; lastKnownFileType = sourcecode.c.objc; path = AppDelegate.m; sourceTree = "<group>"; };
		47BBFBB31C88292A00010672 /* ViewController.h */ = {isa = PBXFileReference; lastKnownFileType = sourcecode.c.h; path = ViewController.h; sourceTree = "<group>"; };
		47BBFBB41C88292A00010672 /* ViewController.m */ = {isa = PBXFileReference; lastKnownFileType = sourcecode.c.objc; path = ViewController.m; sourceTree = "<group>"; };
		47BBFBB71C88292A00010672 /* Base */ = {isa = PBXFileReference; lastKnownFileType = file.storyboard; name = Base; path = Base.lproj/Main.storyboard; sourceTree = "<group>"; };
		47BBFBB91C88292A00010672 /* Assets.xcassets */ = {isa = PBXFileReference; lastKnownFileType = folder.assetcatalog; path = Assets.xcassets; sourceTree = "<group>"; };
		47BBFBBC1C88292A00010672 /* Base */ = {isa = PBXFileReference; lastKnownFileType = file.storyboard; name = Base; path = Base.lproj/LaunchScreen.storyboard; sourceTree = "<group>"; };
		47BBFBBE1C88292B00010672 /* Info.plist */ = {isa = PBXFileReference; lastKnownFileType = text.plist.xml; path = Info.plist; sourceTree = "<group>"; };
		47BBFBC41C88293E00010672 /* PrefixHeader.pch */ = {isa = PBXFileReference; lastKnownFileType = sourcecode.c.h; path = PrefixHeader.pch; sourceTree = "<group>"; };
/* End PBXFileReference section */

/* Begin PBXFrameworksBuildPhase section */
		47BBFBA71C88292A00010672 /* Frameworks */ = {
			isa = PBXFrameworksBuildPhase;
			buildActionMask = 2147483647;
			files = (
			);
			runOnlyForDeploymentPostprocessing = 0;
		};
/* End PBXFrameworksBuildPhase section */

/* Begin PBXGroup section */
		47BBFBA11C88292A00010672 = {
			isa = PBXGroup;
			children = (
				47BBFBAC1C88292A00010672 /* XYW */,
				47BBFBAB1C88292A00010672 /* Products */,
			);
			sourceTree = "<group>";
		};
		47BBFBAB1C88292A00010672 /* Products */ = {
			isa = PBXGroup;
			children = (
				47BBFBAA1C88292A00010672 /* ePlus.app */,
			);
			name = Products;
			sourceTree = "<group>";
		};
		47BBFBAC1C88292A00010672 /* XYW */ = {
			isa = PBXGroup;
			children = (
				47BBFBB01C88292A00010672 /* AppDelegate.h */,
				47BBFBB11C88292A00010672 /* AppDelegate.m */,
				47BBFBB31C88292A00010672 /* ViewController.h */,
				47BBFBB41C88292A00010672 /* ViewController.m */,
				47BBFBB61C88292A00010672 /* Main.storyboard */,
				47BBFBB91C88292A00010672 /* Assets.xcassets */,
				47BBFBBB1C88292A00010672 /* LaunchScreen.storyboard */,
				47BBFBBE1C88292B00010672 /* Info.plist */,
				47BBFBAD1C88292A00010672 /* Supporting Files */,
			);
			path = XYW;
			sourceTree = "<group>";
		};
		47BBFBAD1C88292A00010672 /* Supporting Files */ = {
			isa = PBXGroup;
			children = (
				47BBFBAE1C88292A00010672 /* main.m */,
				47BBFBC41C88293E00010672 /* PrefixHeader.pch */,
			);
			name = "Supporting Files";
			sourceTree = "<group>";
		};
/* End PBXGroup section */

/* Begin PBXNativeTarget section */
		47BBFBA91C88292A00010672 /* ePlus */ = {
			isa = PBXNativeTarget;
			buildConfigurationList = 47BBFBC11C88292B00010672 /* Build configuration list for PBXNativeTarget "ePlus" */;
			buildPhases = (
				47BBFBA61C88292A00010672 /* Sources */,
				47BBFBA71C88292A00010672 /* Frameworks */,
				47BBFBA81C88292A00010672 /* Resources */,
			);
			buildRules = (
			);
			dependencies = (
			);
			name = ePlus;
			productName = XYW;
			productReference = 47BBFBAA1C88292A00010672 /* ePlus.app */;
			productType = "com.apple.product-type.application";
		};
/* End PBXNativeTarget section */

/* Begin PBXProject section */
		47BBFBA21C88292A00010672 /* Project object */ = {
			isa = PBXProject;
			attributes = {
				LastUpgradeCheck = 0720;
				ORGANIZATIONNAME = xueyongwei;
				TargetAttributes = {
					47BBFBA91C88292A00010672 = {
						CreatedOnToolsVersion = 7.2.1;
						DevelopmentTeam = 42FQR4EVHR;
					};
				};
			};
			buildConfigurationList = 47BBFBA51C88292A00010672 /* Build configuration list for PBXProject "ePlus" */;
			compatibilityVersion = "Xcode 3.2";
			developmentRegion = English;
			hasScannedForEncodings = 0;
			knownRegions = (
				en,
				Base,
			);
			mainGroup = 47BBFBA11C88292A00010672;
			productRefGroup = 47BBFBAB1C88292A00010672 /* Products */;
			projectDirPath = "";
			projectRoot = "";
			targets = (
				47BBFBA91C88292A00010672 /* ePlus */,
			);
		};
/* End PBXProject section */

/* Begin PBXResourcesBuildPhase section */
		47BBFBA81C88292A00010672 /* Resources */ = {
			isa = PBXResourcesBuildPhase;
			buildActionMask = 2147483647;
			files = (
				47BBFBBD1C88292A00010672 /* LaunchScreen.storyboard in Resources */,
				47BBFBBA1C88292A00010672 /* Assets.xcassets in Resources */,
				47BBFBB81C88292A00010672 /* Main.storyboard in Resources */,
			);
			runOnlyForDeploymentPostprocessing = 0;
		};
/* End PBXResourcesBuildPhase section */

/* Begin PBXSourcesBuildPhase section */
		47BBFBA61C88292A00010672 /* Sources */ = {
			isa = PBXSourcesBuildPhase;
			buildActionMask = 2147483647;
			files = (
				47BBFBB51C88292A00010672 /* ViewController.m in Sources */,
				47BBFBB21C88292A00010672 /* AppDelegate.m in Sources */,
				47BBFBAF1C88292A00010672 /* main.m in Sources */,
			);
			runOnlyForDeploymentPostprocessing = 0;
		};
/* End PBXSourcesBuildPhase section */

/* Begin PBXVariantGroup section */
		47BBFBB61C88292A00010672 /* Main.storyboard */ = {
			isa = PBXVariantGroup;
			children = (
				47BBFBB71C88292A00010672 /* Base */,
			);
			name = Main.storyboard;
			sourceTree = "<group>";
		};
		47BBFBBB1C88292A00010672 /* LaunchScreen.storyboard */ = {
			isa = PBXVariantGroup;
			children = (
				47BBFBBC1C88292A00010672 /* Base */,
			);
			name = LaunchScreen.storyboard;
			sourceTree = "<group>";
		};
/* End PBXVariantGroup section */

/* Begin XCBuildConfiguration section */
		47BBFBBF1C88292B00010672 /* Debug */ = {
			isa = XCBuildConfiguration;
			buildSettings = {
				ALWAYS_SEARCH_USER_PATHS = NO;
				CLANG_CXX_LANGUAGE_STANDARD = "gnu++0x";
				CLANG_CXX_LIBRARY = "libc++";
				CLANG_ENABLE_MODULES = YES;
				CLANG_ENABLE_OBJC_ARC = YES;
				CLANG_WARN_BOOL_CONVERSION = YES;
				CLANG_WARN_CONSTANT_CONVERSION = YES;
				CLANG_WARN_DIRECT_OBJC_ISA_USAGE = YES_ERROR;
				CLANG_WARN_EMPTY_BODY = YES;
				CLANG_WARN_ENUM_CONVERSION = YES;
				CLANG_WARN_INT_CONVERSION = YES;
				CLANG_WARN_OBJC_ROOT_CLASS = YES_ERROR;
				CLANG_WARN_UNREACHABLE_CODE = YES;
				CLANG_WARN__DUPLICATE_METHOD_MATCH = YES;
				"CODE_SIGN_IDENTITY[sdk=iphoneos*]" = "iPhone Developer";
				COPY_PHASE_STRIP = NO;
				DEBUG_INFORMATION_FORMAT = dwarf;
				ENABLE_STRICT_OBJC_MSGSEND = YES;
				ENABLE_TESTABILITY = YES;
				GCC_C_LANGUAGE_STANDARD = gnu99;
				GCC_DYNAMIC_NO_PIC = NO;
				GCC_NO_COMMON_BLOCKS = YES;
				GCC_OPTIMIZATION_LEVEL = 0;
				GCC_PREPROCESSOR_DEFINITIONS = (
					"DEBUG=1",
					"$(inherited)",
				);
				GCC_WARN_64_TO_32_BIT_CONVERSION = YES;
				GCC_WARN_ABOUT_RETURN_TYPE = YES_ERROR;
				GCC_WARN_UNDECLARED_SELECTOR = YES;
				GCC_WARN_UNINITIALIZED_AUTOS = YES_AGGRESSIVE;
				GCC_WARN_UNUSED_FUNCTION = YES;
				GCC_WARN_UNUSED_VARIABLE = YES;
				IPHONEOS_DEPLOYMENT_TARGET = 9.2;
				MTL_ENABLE_DEBUG_INFO = YES;
				ONLY_ACTIVE_ARCH = YES;
				SDKROOT = iphoneos;
			};
			name = Debug;
		};
		47BBFBC01C88292B00010672 /* Release */ = {
			isa = XCBuildConfiguration;
			buildSettings = {
				ALWAYS_SEARCH_USER_PATHS = NO;
				CLANG_CXX_LANGUAGE_STANDARD = "gnu++0x";
				CLANG_CXX_LIBRARY = "libc++";
				CLANG_ENABLE_MODULES = YES;
				CLANG_ENABLE_OBJC_ARC = YES;
				CLANG_WARN_BOOL_CONVERSION = YES;
				CLANG_WARN_CONSTANT_CONVERSION = YES;
				CLANG_WARN_DIRECT_OBJC_ISA_USAGE = YES_ERROR;
				CLANG_WARN_EMPTY_BODY = YES;
				CLANG_WARN_ENUM_CONVERSION = YES;
				CLANG_WARN_INT_CONVERSION = YES;
				CLANG_WARN_OBJC_ROOT_CLASS = YES_ERROR;
				CLANG_WARN_UNREACHABLE_CODE = YES;
				CLANG_WARN__DUPLICATE_METHOD_MATCH = YES;
				"CODE_SIGN_IDENTITY[sdk=iphoneos*]" = "iPhone Developer";
				COPY_PHASE_STRIP = NO;
				DEBUG_INFORMATION_FORMAT = "dwarf-with-dsym";
				ENABLE_NS_ASSERTIONS = NO;
				ENABLE_STRICT_OBJC_MSGSEND = YES;
				GCC_C_LANGUAGE_STANDARD = gnu99;
				GCC_NO_COMMON_BLOCKS = YES;
				GCC_WARN_64_TO_32_BIT_CONVERSION = YES;
				GCC_WARN_ABOUT_RETURN_TYPE = YES_ERROR;
				GCC_WARN_UNDECLARED_SELECTOR = YES;
				GCC_WARN_UNINITIALIZED_AUTOS = YES_AGGRESSIVE;
				GCC_WARN_UNUSED_FUNCTION = YES;
				GCC_WARN_UNUSED_VARIABLE = YES;
				IPHONEOS_DEPLOYMENT_TARGET = 9.2;
				MTL_ENABLE_DEBUG_INFO = NO;
				SDKROOT = iphoneos;
				VALIDATE_PRODUCT = YES;
			};
			name = Release;
		};
		47BBFBC21C88292B00010672 /* Debug */ = {
			isa = XCBuildConfiguration;
			buildSettings = {
				ASSETCATALOG_COMPILER_APPICON_NAME = AppIcon;
				GCC_PREFIX_HEADER = $SRCROOT/XYW/PrefixHeader.pch;
				INFOPLIST_FILE = XYW/Info.plist;
				LD_RUNPATH_SEARCH_PATHS = "$(inherited) @executable_path/Frameworks";
				PRODUCT_BUNDLE_IDENTIFIER = com.xyw.XYW;
				PRODUCT_NAME = ePlus;
			};
			name = Debug;
		};
		47BBFBC31C88292B00010672 /* Release */ = {
			isa = XCBuildConfiguration;
			buildSettings = {
				ASSETCATALOG_COMPILER_APPICON_NAME = AppIcon;
				GCC_PREFIX_HEADER = $SRCROOT/XYW/PrefixHeader.pch;
				INFOPLIST_FILE = XYW/Info.plist;
				LD_RUNPATH_SEARCH_PATHS = "$(inherited) @executable_path/Frameworks";
				PRODUCT_BUNDLE_IDENTIFIER = com.xyw.XYW;
				PRODUCT_NAME = ePlus;
			};
			name = Release;
		};
/* End XCBuildConfiguration section */

/* Begin XCConfigurationList section */
		47BBFBA51C88292A00010672 /* Build configuration list for PBXProject "ePlus" */ = {
			isa = XCConfigurationList;
			buildConfigurations = (
				47BBFBBF1C88292B00010672 /* Debug */,
				47BBFBC01C88292B00010672 /* Release */,
			);
			defaultConfigurationIsVisible = 0;
			defaultConfigurationName = Release;
		};
		47BBFBC11C88292B00010672 /* Build configuration list for PBXNativeTarget "ePlus" */ = {
			isa = XCConfigurationList;
			buildConfigurations = (
				47BBFBC21C88292B00010672 /* Debug */,
				47BBFBC31C88292B00010672 /* Release */,
			);
			defaultConfigurationIsVisible = 0;
			defaultConfigurationName = Release;
		};
/* End XCConfigurationList section */
	};
	rootObject = 47BBFBA21C88292A00010672 /* Project object */;
}
